# THIS IS AN AUTOGENERATED FILE. DO NOT EDIT THIS FILE DIRECTLY.
# yarn lockfile v1


bs-platform@^2.2.2:
  version "2.2.3"
  resolved "https://registry.yarnpkg.com/bs-platform/-/bs-platform-2.2.3.tgz#d905ae10a5f3621e6a739041dfa0b58483a2174f"

chessboardjs@^0.0.1:
  version "0.0.1"
  resolved "https://registry.yarnpkg.com/chessboardjs/-/chessboardjs-0.0.1.tgz#106e112dba6cc0dcdcf75472a29212c304ff564e"
